// !$*UTF8*$!
{
	archiveVersion = 1;
	classes = {
	};
	objectVersion = 50;
	objects = {

/* Begin PBXBuildFile section */
		525CB37327870FDC00461E05 /* AppDelegate.swift in Sources */ = {isa = PBXBuildFile; fileRef = 525CB37227870FDC00461E05 /* AppDelegate.swift */; };
		525CB37527870FDC00461E05 /* SceneDelegate.swift in Sources */ = {isa = PBXBuildFile; fileRef = 525CB37427870FDC00461E05 /* SceneDelegate.swift */; };
		525CB37727870FDC00461E05 /* ViewController.swift in Sources */ = {isa = PBXBuildFile; fileRef = 525CB37627870FDC00461E05 /* ViewController.swift */; };
		525CB37A27870FDC00461E05 /* Main.storyboard in Resources */ = {isa = PBXBuildFile; fileRef = 525CB37827870FDC00461E05 /* Main.storyboard */; };
		525CB37C27870FE000461E05 /* Assets.xcassets in Resources */ = {isa = PBXBuildFile; fileRef = 525CB37B27870FE000461E05 /* Assets.xcassets */; };
		525CB37F27870FE000461E05 /* LaunchScreen.storyboard in Resources */ = {isa = PBXBuildFile; fileRef = 525CB37D27870FE000461E05 /* LaunchScreen.storyboard */; };
		525CB38A27870FE100461E05 /* _thJanTests.swift in Sources */ = {isa = PBXBuildFile; fileRef = 525CB38927870FE100461E05 /* _thJanTests.swift */; };
		525CB39527870FE100461E05 /* _thJanUITests.swift in Sources */ = {isa = PBXBuildFile; fileRef = 525CB39427870FE100461E05 /* _thJanUITests.swift */; };
/* End PBXBuildFile section */

/* Begin PBXContainerItemProxy section */
		525CB38627870FE000461E05 /* PBXContainerItemProxy */ = {
			isa = PBXContainerItemProxy;
			containerPortal = 525CB36727870FDC00461E05 /* Project object */;
			proxyType = 1;
			remoteGlobalIDString = 525CB36E27870FDC00461E05;
			remoteInfo = 6thJan;
		};
		525CB39127870FE100461E05 /* PBXContainerItemProxy */ = {
			isa = PBXContainerItemProxy;
			containerPortal = 525CB36727870FDC00461E05 /* Project object */;
			proxyType = 1;
			remoteGlobalIDString = 525CB36E27870FDC00461E05;
			remoteInfo = 6thJan;
		};
/* End PBXContainerItemProxy section */

/* Begin PBXFileReference section */
		525CB36F27870FDC00461E05 /* 6thJan.app */ = {isa = PBXFileReference; explicitFileType = wrapper.application; includeInIndex = 0; path = 6thJan.app; sourceTree = BUILT_PRODUCTS_DIR; };
		525CB37227870FDC00461E05 /* AppDelegate.swift */ = {isa = PBXFileReference; lastKnownFileType = sourcecode.swift; path = AppDelegate.swift; sourceTree = "<group>"; };
		525CB37427870FDC00461E05 /* SceneDelegate.swift */ = {isa = PBXFileReference; lastKnownFileType = sourcecode.swift; path = SceneDelegate.swift; sourceTree = "<group>"; };
		525CB37627870FDC00461E05 /* ViewController.swift */ = {isa = PBXFileReference; lastKnownFileType = sourcecode.swift; path = ViewController.swift; sourceTree = "<group>"; };
		525CB37927870FDC00461E05 /* Base */ = {isa = PBXFileReference; lastKnownFileType = file.storyboard; name = Base; path = Base.lproj/Main.storyboard; sourceTree = "<group>"; };
		525CB37B27870FE000461E05 /* Assets.xcassets */ = {isa = PBXFileReference; lastKnownFileType = folder.assetcatalog; path = Assets.xcassets; sourceTree = "<group>"; };
		525CB37E27870FE000461E05 /* Base */ = {isa = PBXFileReference; lastKnownFileType = file.storyboard; name = Base; path = Base.lproj/LaunchScreen.storyboard; sourceTree = "<group>"; };
		525CB38027870FE000461E05 /* Info.plist */ = {isa = PBXFileReference; lastKnownFileType = text.plist.xml; path = Info.plist; sourceTree = "<group>"; };
		525CB38527870FE000461E05 /* 6thJanTests.xctest */ = {isa = PBXFileReference; explicitFileType = wrapper.cfbundle; includeInIndex = 0; path = 6thJanTests.xctest; sourceTree = BUILT_PRODUCTS_DIR; };
		525CB38927870FE100461E05 /* _thJanTests.swift */ = {isa = PBXFileReference; lastKnownFileType = sourcecode.swift; path = _thJanTests.swift; sourceTree = "<group>"; };
		525CB38B27870FE100461E05 /* Info.plist */ = {isa = PBXFileReference; lastKnownFileType = text.plist.xml; path = Info.plist; sourceTree = "<group>"; };
		525CB39027870FE100461E05 /* 6thJanUITests.xctest */ = {isa = PBXFileReference; explicitFileType = wrapper.cfbundle; includeInIndex = 0; path = 6thJanUITests.xctest; sourceTree = BUILT_PRODUCTS_DIR; };
		525CB39427870FE100461E05 /* _thJanUITests.swift */ = {isa = PBXFileReference; lastKnownFileType = sourcecode.swift; path = _thJanUITests.swift; sourceTree = "<group>"; };
		525CB39627870FE100461E05 /* Info.plist */ = {isa = PBXFileReference; lastKnownFileType = text.plist.xml; path = Info.plist; sourceTree = "<group>"; };
/* End PBXFileReference section */

/* Begin PBXFrameworksBuildPhase section */
		525CB36C27870FDC00461E05 /* Frameworks */ = {
			isa = PBXFrameworksBuildPhase;
			buildActionMask = 2147483647;
			files = (
			);
			runOnlyForDeploymentPostprocessing = 0;
		};
		525CB38227870FE000461E05 /* Frameworks */ = {
			isa = PBXFrameworksBuildPhase;
			buildActionMask = 2147483647;
			files = (
			);
			runOnlyForDeploymentPostprocessing = 0;
		};
		525CB38D27870FE100461E05 /* Frameworks */ = {
			isa = PBXFrameworksBuildPhase;
			buildActionMask = 2147483647;
			files = (
			);
			runOnlyForDeploymentPostprocessing = 0;
		};
/* End PBXFrameworksBuildPhase section */

/* Begin PBXGroup section */
		525CB36627870FDC00461E05 = {
			isa = PBXGroup;
			children = (
				525CB37127870FDC00461E05 /* 6thJan */,
				525CB38827870FE100461E05 /* 6thJanTests */,
				525CB39327870FE100461E05 /* 6thJanUITests */,
				525CB37027870FDC00461E05 /* Products */,
			);
			sourceTree = "<group>";
		};
		525CB37027870FDC00461E05 /* Products */ = {
			isa = PBXGroup;
			children = (
				525CB36F27870FDC00461E05 /* 6thJan.app */,
				525CB38527870FE000461E05 /* 6thJanTests.xctest */,
				525CB39027870FE100461E05 /* 6thJanUITests.xctest */,
			);
			name = Products;
			sourceTree = "<group>";
		};
		525CB37127870FDC00461E05 /* 6thJan */ = {
			isa = PBXGroup;
			children = (
				525CB37227870FDC00461E05 /* AppDelegate.swift */,
				525CB37427870FDC00461E05 /* SceneDelegate.swift */,
				525CB37627870FDC00461E05 /* ViewController.swift */,
				525CB37827870FDC00461E05 /* Main.storyboard */,
				525CB37B27870FE000461E05 /* Assets.xcassets */,
				525CB37D27870FE000461E05 /* LaunchScreen.storyboard */,
				525CB38027870FE000461E05 /* Info.plist */,
			);
			path = 6thJan;
			sourceTree = "<group>";
		};
		525CB38827870FE100461E05 /* 6thJanTests */ = {
			isa = PBXGroup;
			children = (
				525CB38927870FE100461E05 /* _thJanTests.swift */,
				525CB38B27870FE100461E05 /* Info.plist */,
			);
			path = 6thJanTests;
			sourceTree = "<group>";
		};
		525CB39327870FE100461E05 /* 6thJanUITests */ = {
			isa = PBXGroup;
			children = (
				525CB39427870FE100461E05 /* _thJanUITests.swift */,
				525CB39627870FE100461E05 /* Info.plist */,
			);
			path = 6thJanUITests;
			sourceTree = "<group>";
		};
/* End PBXGroup section */

/* Begin PBXNativeTarget section */
		525CB36E27870FDC00461E05 /* 6thJan */ = {
			isa = PBXNativeTarget;
			buildConfigurationList = 525CB39927870FE100461E05 /* Build configuration list for PBXNativeTarget "6thJan" */;
			buildPhases = (
				525CB36B27870FDC00461E05 /* Sources */,
				525CB36C27870FDC00461E05 /* Frameworks */,
				525CB36D27870FDC00461E05 /* Resources */,
			);
			buildRules = (
			);
			dependencies = (
			);
			name = 6thJan;
			productName = 6thJan;
			productReference = 525CB36F27870FDC00461E05 /* 6thJan.app */;
			productType = "com.apple.product-type.application";
		};
		525CB38427870FE000461E05 /* 6thJanTests */ = {
			isa = PBXNativeTarget;
			buildConfigurationList = 525CB39C27870FE100461E05 /* Build configuration list for PBXNativeTarget "6thJanTests" */;
			buildPhases = (
				525CB38127870FE000461E05 /* Sources */,
				525CB38227870FE000461E05 /* Frameworks */,
				525CB38327870FE000461E05 /* Resources */,
			);
			buildRules = (
			);
			dependencies = (
				525CB38727870FE000461E05 /* PBXTargetDependency */,
			);
			name = 6thJanTests;
			productName = 6thJanTests;
			productReference = 525CB38527870FE000461E05 /* 6thJanTests.xctest */;
			productType = "com.apple.product-type.bundle.unit-test";
		};
		525CB38F27870FE100461E05 /* 6thJanUITests */ = {
			isa = PBXNativeTarget;
			buildConfigurationList = 525CB39F27870FE100461E05 /* Build configuration list for PBXNativeTarget "6thJanUITests" */;
			buildPhases = (
				525CB38C27870FE100461E05 /* Sources */,
				525CB38D27870FE100461E05 /* Frameworks */,
				525CB38E27870FE100461E05 /* Resources */,
			);
			buildRules = (
			);
			dependencies = (
				525CB39227870FE100461E05 /* PBXTargetDependency */,
			);
			name = 6thJanUITests;
			productName = 6thJanUITests;
			productReference = 525CB39027870FE100461E05 /* 6thJanUITests.xctest */;
			productType = "com.apple.product-type.bundle.ui-testing";
		};
/* End PBXNativeTarget section */

/* Begin PBXProject section */
		525CB36727870FDC00461E05 /* Project object */ = {
			isa = PBXProject;
			attributes = {
				LastSwiftUpdateCheck = 1240;
				LastUpgradeCheck = 1240;
				TargetAttributes = {
					525CB36E27870FDC00461E05 = {
						CreatedOnToolsVersion = 12.4;
					};
					525CB38427870FE000461E05 = {
						CreatedOnToolsVersion = 12.4;
						TestTargetID = 525CB36E27870FDC00461E05;
					};
					525CB38F27870FE100461E05 = {
						CreatedOnToolsVersion = 12.4;
						TestTargetID = 525CB36E27870FDC00461E05;
					};
				};
			};
			buildConfigurationList = 525CB36A27870FDC00461E05 /* Build configuration list for PBXProject "6thJan" */;
			compatibilityVersion = "Xcode 9.3";
			developmentRegion = en;
			hasScannedForEncodings = 0;
			knownRegions = (
				en,
				Base,
			);
			mainGroup = 525CB36627870FDC00461E05;
			productRefGroup = 525CB37027870FDC00461E05 /* Products */;
			projectDirPath = "";
			projectRoot = "";
			targets = (
				525CB36E27870FDC00461E05 /* 6thJan */,
				525CB38427870FE000461E05 /* 6thJanTests */,
				525CB38F27870FE100461E05 /* 6thJanUITests */,
			);
		};
/* End PBXProject section */

/* Begin PBXResourcesBuildPhase section */
		525CB36D27870FDC00461E05 /* Resources */ = {
			isa = PBXResourcesBuildPhase;
			buildActionMask = 2147483647;
			files = (
				525CB37F27870FE000461E05 /* LaunchScreen.storyboard in Resources */,
				525CB37C27870FE000461E05 /* Assets.xcassets in Resources */,
				525CB37A27870FDC00461E05 /* Main.storyboard in Resources */,
			);
			runOnlyForDeploymentPostprocessing = 0;
		};
		525CB38327870FE000461E05 /* Resources */ = {
			isa = PBXResourcesBuildPhase;
			buildActionMask = 2147483647;
			files = (
			);
			runOnlyForDeploymentPostprocessing = 0;
		};
		525CB38E27870FE100461E05 /* Resources */ = {
			isa = PBXResourcesBuildPhase;
			buildActionMask = 2147483647;
			files = (
			);
			runOnlyForDeploymentPostprocessing = 0;
		};
/* End PBXResourcesBuildPhase section */

/* Begin PBXSourcesBuildPhase section */
		525CB36B27870FDC00461E05 /* Sources */ = {
			isa = PBXSourcesBuildPhase;
			buildActionMask = 2147483647;
			files = (
				525CB37727870FDC00461E05 /* ViewController.swift in Sources */,
				525CB37327870FDC00461E05 /* AppDelegate.swift in Sources */,
				525CB37527870FDC00461E05 /* SceneDelegate.swift in Sources */,
			);
			runOnlyForDeploymentPostprocessing = 0;
		};
		525CB38127870FE000461E05 /* Sources */ = {
			isa = PBXSourcesBuildPhase;
			buildActionMask = 2147483647;
			files = (
				525CB38A27870FE100461E05 /* _thJanTests.swift in Sources */,
			);
			runOnlyForDeploymentPostprocessing = 0;
		};
		525CB38C27870FE100461E05 /* Sources */ = {
			isa = PBXSourcesBuildPhase;
			buildActionMask = 2147483647;
			files = (
				525CB39527870FE100461E05 /* _thJanUITests.swift in Sources */,
			);
			runOnlyForDeploymentPostprocessing = 0;
		};
/* End PBXSourcesBuildPhase section */

/* Begin PBXTargetDependency section */
		525CB38727870FE000461E05 /* PBXTargetDependency */ = {
			isa = PBXTargetDependency;
			target = 525CB36E27870FDC00461E05 /* 6thJan */;
			targetProxy = 525CB38627870FE000461E05 /* PBXContainerItemProxy */;
		};
		525CB39227870FE100461E05 /* PBXTargetDependency */ = {
			isa = PBXTargetDependency;
			target = 525CB36E27870FDC00461E05 /* 6thJan */;
			targetProxy = 525CB39127870FE100461E05 /* PBXContainerItemProxy */;
		};
/* End PBXTargetDependency section */

/* Begin PBXVariantGroup section */
		525CB37827870FDC00461E05 /* Main.storyboard */ = {
			isa = PBXVariantGroup;
			children = (
				525CB37927870FDC00461E05 /* Base */,
			);
			name = Main.storyboard;
			sourceTree = "<group>";
		};
		525CB37D27870FE000461E05 /* LaunchScreen.storyboard */ = {
			isa = PBXVariantGroup;
			children = (
				525CB37E27870FE000461E05 /* Base */,
			);
			name = LaunchScreen.storyboard;
			sourceTree = "<group>";
		};
/* End PBXVariantGroup section */

/* Begin XCBuildConfiguration section */
		525CB39727870FE100461E05 /* Debug */ = {
			isa = XCBuildConfiguration;
			buildSettings = {
				ALWAYS_SEARCH_USER_PATHS = NO;
				CLANG_ANALYZER_NONNULL = YES;
				CLANG_ANALYZER_NUMBER_OBJECT_CONVERSION = YES_AGGRESSIVE;
				CLANG_CXX_LANGUAGE_STANDARD = "gnu++14";
				CLANG_CXX_LIBRARY = "libc++";
				CLANG_ENABLE_MODULES = YES;
				CLANG_ENABLE_OBJC_ARC = YES;
				CLANG_ENABLE_OBJC_WEAK = YES;
				CLANG_WARN_BLOCK_CAPTURE_AUTORELEASING = YES;
				CLANG_WARN_BOOL_CONVERSION = YES;
				CLANG_WARN_COMMA = YES;
				CLANG_WARN_CONSTANT_CONVERSION = YES;
				CLANG_WARN_DEPRECATED_OBJC_IMPLEMENTATIONS = YES;
				CLANG_WARN_DIRECT_OBJC_ISA_USAGE = YES_ERROR;
				CLANG_WARN_DOCUMENTATION_COMMENTS = YES;
				CLANG_WARN_EMPTY_BODY = YES;
				CLANG_WARN_ENUM_CONVERSION = YES;
				CLANG_WARN_INFINITE_RECURSION = YES;
				CLANG_WARN_INT_CONVERSION = YES;
				CLANG_WARN_NON_LITERAL_NULL_CONVERSION = YES;
				CLANG_WARN_OBJC_IMPLICIT_RETAIN_SELF = YES;
				CLANG_WARN_OBJC_LITERAL_CONVERSION = YES;
				CLANG_WARN_OBJC_ROOT_CLASS = YES_ERROR;
				CLANG_WARN_QUOTED_INCLUDE_IN_FRAMEWORK_HEADER = YES;
				CLANG_WARN_RANGE_LOOP_ANALYSIS = YES;
				CLANG_WARN_STRICT_PROTOTYPES = YES;
				CLANG_WARN_SUSPICIOUS_MOVE = YES;
				CLANG_WARN_UNGUARDED_AVAILABILITY = YES_AGGRESSIVE;
				CLANG_WARN_UNREACHABLE_CODE = YES;
				CLANG_WARN__DUPLICATE_METHOD_MATCH = YES;
				COPY_PHASE_STRIP = NO;
				DEBUG_INFORMATION_FORMAT = dwarf;
				ENABLE_STRICT_OBJC_MSGSEND = YES;
				ENABLE_TESTABILITY = YES;
				GCC_C_LANGUAGE_STANDARD = gnu11;
				GCC_DYNAMIC_NO_PIC = NO;
				GCC_NO_COMMON_BLOCKS = YES;
				GCC_OPTIMIZATION_LEVEL = 0;
				GCC_PREPROCESSOR_DEFINITIONS = (
					"DEBUG=1",
					"$(inherited)",
				);
				GCC_WARN_64_TO_32_BIT_CONVERSION = YES;
				GCC_WARN_ABOUT_RETURN_TYPE = YES_ERROR;
				GCC_WARN_UNDECLARED_SELECTOR = YES;
				GCC_WARN_UNINITIALIZED_AUTOS = YES_AGGRESSIVE;
				GCC_WARN_UNUSED_FUNCTION = YES;
				GCC_WARN_UNUSED_VARIABLE = YES;
				IPHONEOS_DEPLOYMENT_TARGET = 14.4;
				MTL_ENABLE_DEBUG_INFO = INCLUDE_SOURCE;
				MTL_FAST_MATH = YES;
				ONLY_ACTIVE_ARCH = YES;
				SDKROOT = iphoneos;
				SWIFT_ACTIVE_COMPILATION_CONDITIONS = DEBUG;
				SWIFT_OPTIMIZATION_LEVEL = "-Onone";
			};
			name = Debug;
		};
		525CB39827870FE100461E05 /* Release */ = {
			isa = XCBuildConfiguration;
			buildSettings = {
				ALWAYS_SEARCH_USER_PATHS = NO;
				CLANG_ANALYZER_NONNULL = YES;
				CLANG_ANALYZER_NUMBER_OBJECT_CONVERSION = YES_AGGRESSIVE;
				CLANG_CXX_LANGUAGE_STANDARD = "gnu++14";
				CLANG_CXX_LIBRARY = "libc++";
				CLANG_ENABLE_MODULES = YES;
				CLANG_ENABLE_OBJC_ARC = YES;
				CLANG_ENABLE_OBJC_WEAK = YES;
				CLANG_WARN_BLOCK_CAPTURE_AUTORELEASING = YES;
				CLANG_WARN_BOOL_CONVERSION = YES;
				CLANG_WARN_COMMA = YES;
				CLANG_WARN_CONSTANT_CONVERSION = YES;
				CLANG_WARN_DEPRECATED_OBJC_IMPLEMENTATIONS = YES;
				CLANG_WARN_DIRECT_OBJC_ISA_USAGE = YES_ERROR;
				CLANG_WARN_DOCUMENTATION_COMMENTS = YES;
				CLANG_WARN_EMPTY_BODY = YES;
				CLANG_WARN_ENUM_CONVERSION = YES;
				CLANG_WARN_INFINITE_RECURSION = YES;
				CLANG_WARN_INT_CONVERSION = YES;
				CLANG_WARN_NON_LITERAL_NULL_CONVERSION = YES;
				CLANG_WARN_OBJC_IMPLICIT_RETAIN_SELF = YES;
				CLANG_WARN_OBJC_LITERAL_CONVERSION = YES;
				CLANG_WARN_OBJC_ROOT_CLASS = YES_ERROR;
				CLANG_WARN_QUOTED_INCLUDE_IN_FRAMEWORK_HEADER = YES;
				CLANG_WARN_RANGE_LOOP_ANALYSIS = YES;
				CLANG_WARN_STRICT_PROTOTYPES = YES;
				CLANG_WARN_SUSPICIOUS_MOVE = YES;
				CLANG_WARN_UNGUARDED_AVAILABILITY = YES_AGGRESSIVE;
				CLANG_WARN_UNREACHABLE_CODE = YES;
				CLANG_WARN__DUPLICATE_METHOD_MATCH = YES;
				COPY_PHASE_STRIP = NO;
				DEBUG_INFORMATION_FORMAT = "dwarf-with-dsym";
				ENABLE_NS_ASSERTIONS = NO;
				ENABLE_STRICT_OBJC_MSGSEND = YES;
				GCC_C_LANGUAGE_STANDARD = gnu11;
				GCC_NO_COMMON_BLOCKS = YES;
				GCC_WARN_64_TO_32_BIT_CONVERSION = YES;
				GCC_WARN_ABOUT_RETURN_TYPE = YES_ERROR;
				GCC_WARN_UNDECLARED_SELECTOR = YES;
				GCC_WARN_UNINITIALIZED_AUTOS = YES_AGGRESSIVE;
				GCC_WARN_UNUSED_FUNCTION = YES;
				GCC_WARN_UNUSED_VARIABLE = YES;
				IPHONEOS_DEPLOYMENT_TARGET = 14.4;
				MTL_ENABLE_DEBUG_INFO = NO;
				MTL_FAST_MATH = YES;
				SDKROOT = iphoneos;
				SWIFT_COMPILATION_MODE = wholemodule;
				SWIFT_OPTIMIZATION_LEVEL = "-O";
				VALIDATE_PRODUCT = YES;
			};
			name = Release;
		};
		525CB39A27870FE100461E05 /* Debug */ = {
			isa = XCBuildConfiguration;
			buildSettings = {
				ASSETCATALOG_COMPILER_APPICON_NAME = AppIcon;
				ASSETCATALOG_COMPILER_GLOBAL_ACCENT_COLOR_NAME = AccentColor;
				CODE_SIGN_STYLE = Automatic;
				DEVELOPMENT_TEAM = TLR3WLLVQX;
				INFOPLIST_FILE = 6thJan/Info.plist;
				LD_RUNPATH_SEARCH_PATHS = (
					"$(inherited)",
					"@executable_path/Frameworks",
				);
				PRODUCT_BUNDLE_IDENTIFIER = "COM.AHF.CRM.-thJan";
				PRODUCT_NAME = "$(TARGET_NAME)";
				SWIFT_VERSION = 5.0;
				TARGETED_DEVICE_FAMILY = "1,2";
			};
			name = Debug;
		};
		525CB39B27870FE100461E05 /* Release */ = {
			isa = XCBuildConfiguration;
			buildSettings = {
				ASSETCATALOG_COMPILER_APPICON_NAME = AppIcon;
				ASSETCATALOG_COMPILER_GLOBAL_ACCENT_COLOR_NAME = AccentColor;
				CODE_SIGN_STYLE = Automatic;
				DEVELOPMENT_TEAM = TLR3WLLVQX;
				INFOPLIST_FILE = 6thJan/Info.plist;
				LD_RUNPATH_SEARCH_PATHS = (
					"$(inherited)",
					"@executable_path/Frameworks",
				);
				PRODUCT_BUNDLE_IDENTIFIER = "COM.AHF.CRM.-thJan";
				PRODUCT_NAME = "$(TARGET_NAME)";
				SWIFT_VERSION = 5.0;
				TARGETED_DEVICE_FAMILY = "1,2";
			};
			name = Release;
		};
		525CB39D27870FE100461E05 /* Debug */ = {
			isa = XCBuildConfiguration;
			buildSettings = {
				ALWAYS_EMBED_SWIFT_STANDARD_LIBRARIES = YES;
				BUNDLE_LOADER = "$(TEST_HOST)";
				CODE_SIGN_STYLE = Automatic;
				DEVELOPMENT_TEAM = TLR3WLLVQX;
				INFOPLIST_FILE = 6thJanTests/Info.plist;
				IPHONEOS_DEPLOYMENT_TARGET = 14.4;
				LD_RUNPATH_SEARCH_PATHS = (
					"$(inherited)",
					"@executable_path/Frameworks",
					"@loader_path/Frameworks",
				);
				PRODUCT_BUNDLE_IDENTIFIER = "COM.AHF.CRM.-thJanTests";
				PRODUCT_NAME = "$(TARGET_NAME)";
				SWIFT_VERSION = 5.0;
				TARGETED_DEVICE_FAMILY = "1,2";
				TEST_HOST = "$(BUILT_PRODUCTS_DIR)/6thJan.app/6thJan";
			};
			name = Debug;
		};
		525CB39E27870FE100461E05 /* Release */ = {
			isa = XCBuildConfiguration;
			buildSettings = {
				ALWAYS_EMBED_SWIFT_STANDARD_LIBRARIES = YES;
				BUNDLE_LOADER = "$(TEST_HOST)";
				CODE_SIGN_STYLE = Automatic;
				DEVELOPMENT_TEAM = TLR3WLLVQX;
				INFOPLIST_FILE = 6thJanTests/Info.plist;
				IPHONEOS_DEPLOYMENT_TARGET = 14.4;
				LD_RUNPATH_SEARCH_PATHS = (
					"$(inherited)",
					"@executable_path/Frameworks",
					"@loader_path/Frameworks",
				);
				PRODUCT_BUNDLE_IDENTIFIER = "COM.AHF.CRM.-thJanTests";
				PRODUCT_NAME = "$(TARGET_NAME)";
				SWIFT_VERSION = 5.0;
				TARGETED_DEVICE_FAMILY = "1,2";
				TEST_HOST = "$(BUILT_PRODUCTS_DIR)/6thJan.app/6thJan";
			};
			name = Release;
		};
		525CB3A027870FE100461E05 /* Debug */ = {
			isa = XCBuildConfiguration;
			buildSettings = {
				ALWAYS_EMBED_SWIFT_STANDARD_LIBRARIES = YES;
				CODE_SIGN_STYLE = Automatic;
				DEVELOPMENT_TEAM = TLR3WLLVQX;
				INFOPLIST_FILE = 6thJanUITests/Info.plist;
				LD_RUNPATH_SEARCH_PATHS = (
					"$(inherited)",
					"@executable_path/Frameworks",
					"@loader_path/Frameworks",
				);
				PRODUCT_BUNDLE_IDENTIFIER = "COM.AHF.CRM.-thJanUITests";
				PRODUCT_NAME = "$(TARGET_NAME)";
				SWIFT_VERSION = 5.0;
				TARGETED_DEVICE_FAMILY = "1,2";
				TEST_TARGET_NAME = 6thJan;
			};
			name = Debug;
		};
		525CB3A127870FE100461E05 /* Release */ = {
			isa = XCBuildConfiguration;
			buildSettings = {
				ALWAYS_EMBED_SWIFT_STANDARD_LIBRARIES = YES;
				CODE_SIGN_STYLE = Automatic;
				DEVELOPMENT_TEAM = TLR3WLLVQX;
				INFOPLIST_FILE = 6thJanUITests/Info.plist;
				LD_RUNPATH_SEARCH_PATHS = (
					"$(inherited)",
					"@executable_path/Frameworks",
					"@loader_path/Frameworks",
				);
				PRODUCT_BUNDLE_IDENTIFIER = "COM.AHF.CRM.-thJanUITests";
				PRODUCT_NAME = "$(TARGET_NAME)";
				SWIFT_VERSION = 5.0;
				TARGETED_DEVICE_FAMILY = "1,2";
				TEST_TARGET_NAME = 6thJan;
			};
			name = Release;
		};
/* End XCBuildConfiguration section */

/* Begin XCConfigurationList section */
		525CB36A27870FDC00461E05 /* Build configuration list for PBXProject "6thJan" */ = {
			isa = XCConfigurationList;
			buildConfigurations = (
				525CB39727870FE100461E05 /* Debug */,
				525CB39827870FE100461E05 /* Release */,
			);
			defaultConfigurationIsVisible = 0;
			defaultConfigurationName = Release;
		};
		525CB39927870FE100461E05 /* Build configuration list for PBXNativeTarget "6thJan" */ = {
			isa = XCConfigurationList;
			buildConfigurations = (
				525CB39A27870FE100461E05 /* Debug */,
				525CB39B27870FE100461E05 /* Release */,
			);
			defaultConfigurationIsVisible = 0;
			defaultConfigurationName = Release;
		};
		525CB39C27870FE100461E05 /* Build configuration list for PBXNativeTarget "6thJanTests" */ = {
			isa = XCConfigurationList;
			buildConfigurations = (
				525CB39D27870FE100461E05 /* Debug */,
				525CB39E27870FE100461E05 /* Release */,
			);
			defaultConfigurationIsVisible = 0;
			defaultConfigurationName = Release;
		};
		525CB39F27870FE100461E05 /* Build configuration list for PBXNativeTarget "6thJanUITests" */ = {
			isa = XCConfigurationList;
			buildConfigurations = (
				525CB3A027870FE100461E05 /* Debug */,
				525CB3A127870FE100461E05 /* Release */,
			);
			defaultConfigurationIsVisible = 0;
			defaultConfigurationName = Release;
		};
/* End XCConfigurationList section */
	};
	rootObject = 525CB36727870FDC00461E05 /* Project object */;
}
